
Microsoft Visual Studio Solution File, Format Version 12.00
# Visual Studio Version 17
VisualStudioVersion = 17.7.34202.233
MinimumVisualStudioVersion = 10.0.40219.1
Project("{8BC9CEB8-8B4A-11D0-8D11-00A0C91BC942}") = "ADA", "ADA\ADA.vcxproj", "{4ABD2E53-373A-41F7-910A-E7FB6A451688}"
EndProject
Global
	GlobalSection(SolutionConfigurationPlatforms) = preSolution
		Debug|x64 = Debug|x64
		Debug|x86 = Debug|x86
		Release|x64 = Release|x64
		Release|x86 = Release|x86
	EndGlobalSection
	GlobalSection(ProjectConfigurationPlatforms) = postSolution
		{4ABD2E53-373A-41F7-910A-E7FB6A451688}.Debug|x64.ActiveCfg = Debug|x64
		{4ABD2E53-373A-41F7-910A-E7FB6A451688}.Debug|x64.Build.0 = Debug|x64
		{4ABD2E53-373A-41F7-910A-E7FB6A451688}.Debug|x86.ActiveCfg = Debug|Win32
		{4ABD2E53-373A-41F7-910A-E7FB6A451688}.Debug|x86.Build.0 = Debug|Win32
		{4ABD2E53-373A-41F7-910A-E7FB6A451688}.Release|x64.ActiveCfg = Release|x64
		{4ABD2E53-373A-41F7-910A-E7FB6A451688}.Release|x64.Build.0 = Release|x64
		{4ABD2E53-373A-41F7-910A-E7FB6A451688}.Release|x86.ActiveCfg = Release|Win32
		{4ABD2E53-373A-41F7-910A-E7FB6A451688}.Release|x86.Build.0 = Release|Win32
	EndGlobalSection
	GlobalSection(SolutionProperties) = preSolution
		HideSolutionNode = FALSE
	EndGlobalSection
	GlobalSection(ExtensibilityGlobals) = postSolution
		SolutionGuid = {9B8ACBA4-E5A2-4A7F-A987-C71FB190076D}
	EndGlobalSection
EndGlobal
